# THIS IS AN AUTOGENERATED FILE. DO NOT EDIT THIS FILE DIRECTLY.
# yarn lockfile v1


aws-cdk@^2.1004.0:
  version "2.1004.0"
  resolved "https://registry.yarnpkg.com/aws-cdk/-/aws-cdk-2.1004.0.tgz#df55799fe75d60711f211a0c0aba4c9373429dbf"
  integrity sha512-3E5ICmSc7ZCZCwLX7NY+HFmmdUYgRaL+67h/BDoDQmkhx9StC8wG4xgzHFY9k8WQS0+ib/MP28f2d9yzHtQLlQ==
  optionalDependencies:
    fsevents "2.3.2"

fsevents@2.3.2:
  version "2.3.2"
  resolved "https://registry.yarnpkg.com/fsevents/-/fsevents-2.3.2.tgz#8a526f78b8fdf4623b709e0b975c52c24c02fd1a"
  integrity sha512-xiqMQR4xAeHTuB9uWm+fFRcIOgKBMiOBP+eXiyT7jsgVCq1bkVygt00oASowB7EdtpOHaaPgKt812P9ab+DDKA==

typescript@^5.8.2:
  version "5.8.2"
  resolved "https://registry.yarnpkg.com/typescript/-/typescript-5.8.2.tgz#8170b3702f74b79db2e5a96207c15e65807999e4"
  integrity sha512-aJn6wq13/afZp/jT9QZmwEjDqqvSGp1VT5GVg+f/t6/oVyrgXM6BY1h9BRh/O5p3PlUPAe+WuiEZOmb/49RqoQ==
